
Microsoft Visual Studio Solution File, Format Version 12.00
# Visual Studio Version 17
VisualStudioVersion = 17.11.35303.130
MinimumVisualStudioVersion = 10.0.40219.1
Project("{2150E333-8FDC-42A3-9474-1A3956D46DE8}") = "Task0", "Task0", "{9223B076-FF32-4F2F-9231-00DBAFA1FD62}"
EndProject
Project("{9A19103F-16F7-4668-BE54-9A1E7A4F7556}") = "Tyuiu.StoyakinNM.Sprint6.Task0.V12.Lib", "Tyuiu.StoyakinNM.Sprint6.Task0.V12.Lib\Tyuiu.StoyakinNM.Sprint6.Task0.V12.Lib.csproj", "{3ED63666-5C1B-4340-8E38-A20193F4F28F}"
EndProject
Project("{9A19103F-16F7-4668-BE54-9A1E7A4F7556}") = "Tyuiu.StoyakinNM.Sprint6.Task0.V12.Test", "Tyuiu.StoyakinNM.Sprint6.Task0.V12.Test\Tyuiu.StoyakinNM.Sprint6.Task0.V12.Test.csproj", "{F62A93CF-79E8-4D94-80F0-7965787F7B6E}"
EndProject
Project("{9A19103F-16F7-4668-BE54-9A1E7A4F7556}") = "Tyuiu.StoyakinNM.Sprint6.Task0.V12", "Tyuiu.StoyakinNM.Sprint6.Task0.V12\Tyuiu.StoyakinNM.Sprint6.Task0.V12.csproj", "{561639CB-5FED-45F2-BE40-AF049624EBA9}"
EndProject
Project("{2150E333-8FDC-42A3-9474-1A3956D46DE8}") = "Task1", "Task1", "{E4D85D00-84C8-4363-A5A8-C16FE626E554}"
EndProject
Project("{9A19103F-16F7-4668-BE54-9A1E7A4F7556}") = "Tyuiu.StoyakinNM.Sprint6.Task1.V28.Lib", "Tyuiu.StoyakinNM.Sprint6.Task1.V28.Lib\Tyuiu.StoyakinNM.Sprint6.Task1.V28.Lib.csproj", "{E11DDA16-77FF-4EE3-B348-37F6C18FFF50}"
EndProject
Project("{9A19103F-16F7-4668-BE54-9A1E7A4F7556}") = "Tyuiu.StoyakinNM.Sprint6.Task1.V28.Test", "Tyuiu.StoyakinNM.Sprint6.Task1.V28.Test\Tyuiu.StoyakinNM.Sprint6.Task1.V28.Test.csproj", "{6FE18392-03BF-4E6F-8B1F-0AEE612B5515}"
EndProject
Project("{9A19103F-16F7-4668-BE54-9A1E7A4F7556}") = "Tyuiu.StoyakinNM.Sprint6.Task1.V28", "Tyuiu.StoyakinNM.Sprint6.Task1.V28\Tyuiu.StoyakinNM.Sprint6.Task1.V28.csproj", "{351C1EC2-7906-419D-8024-B71F5202CAEE}"
EndProject
Project("{2150E333-8FDC-42A3-9474-1A3956D46DE8}") = "Task2", "Task2", "{FC59D731-CFC6-465E-B82D-2D96B36E118E}"
EndProject
Project("{9A19103F-16F7-4668-BE54-9A1E7A4F7556}") = "Tyuiu.StoyakinNM.Sprint6.Task2.V10.Lib", "Tyuiu.StoyakinNM.Sprint6.Task2.V10.Lib\Tyuiu.StoyakinNM.Sprint6.Task2.V10.Lib.csproj", "{5E87F1A3-2453-4D46-85FF-E2AAFDC1C747}"
EndProject
Project("{9A19103F-16F7-4668-BE54-9A1E7A4F7556}") = "Tyuiu.StoyakinNM.Sprint6.Task2.V10.Test", "Tyuiu.StoyakinNM.Sprint6.Task2.V10.Test\Tyuiu.StoyakinNM.Sprint6.Task2.V10.Test.csproj", "{83D1DE9C-D204-4D95-AA20-47BB5F6DE40B}"
EndProject
Project("{9A19103F-16F7-4668-BE54-9A1E7A4F7556}") = "Tyuiu.StoyakinNM.Sprint6.Task2.V10", "Tyuiu.StoyakinNM.Sprint6.Task2.V10\Tyuiu.StoyakinNM.Sprint6.Task2.V10.csproj", "{507B495C-5A2D-457B-B545-1224FE10530A}"
EndProject
Project("{2150E333-8FDC-42A3-9474-1A3956D46DE8}") = "Task3", "Task3", "{B8A63D06-3758-4564-A971-159C447E8EC6}"
EndProject
Project("{9A19103F-16F7-4668-BE54-9A1E7A4F7556}") = "Tyuiu.StoyakinNM.Sprint6.Task3.V9.Lib", "Tyuiu.StoyakinNM.Sprint6.Task3.V9.Lib\Tyuiu.StoyakinNM.Sprint6.Task3.V9.Lib.csproj", "{0177E9A7-B025-491A-AC28-AE02B52216B3}"
EndProject
Project("{9A19103F-16F7-4668-BE54-9A1E7A4F7556}") = "Tyuiu.StoyakinNM.Sprint6.Task3.V9.Test", "Tyuiu.StoyakinNM.Sprint6.Task3.V9.Test\Tyuiu.StoyakinNM.Sprint6.Task3.V9.Test.csproj", "{09BB426F-F537-4BFC-ABF7-94102F5B7B92}"
EndProject
Project("{9A19103F-16F7-4668-BE54-9A1E7A4F7556}") = "Tyuiu.StoyakinNM.Sprint6.Task3.V9", "Tyuiu.StoyakinNM.Sprint6.Task3.V9\Tyuiu.StoyakinNM.Sprint6.Task3.V9.csproj", "{0C75AF8A-1B68-485F-B8DA-F79B10A44297}"
EndProject
Project("{2150E333-8FDC-42A3-9474-1A3956D46DE8}") = "Task4", "Task4", "{0136518D-481A-4F84-A309-30E36E16E6A5}"
EndProject
Project("{9A19103F-16F7-4668-BE54-9A1E7A4F7556}") = "Tyuiu.StoyakinNM.Sprint6.Task4.V7.Lib", "Tyuiu.StoyakinNM.Sprint6.Task4.V7.Lib\Tyuiu.StoyakinNM.Sprint6.Task4.V7.Lib.csproj", "{D9E7FB4F-7013-4363-BD62-98FB6C1E114A}"
EndProject
Project("{9A19103F-16F7-4668-BE54-9A1E7A4F7556}") = "Tyuiu.StoyakinNM.Sprint6.Task4.V7.Test", "Tyuiu.StoyakinNM.Sprint6.Task4.V7.Test\Tyuiu.StoyakinNM.Sprint6.Task4.V7.Test.csproj", "{B196328A-9E83-4A9D-8BE8-4EA214F2C9C9}"
EndProject
Project("{9A19103F-16F7-4668-BE54-9A1E7A4F7556}") = "Tyuiu.StoyakinNM.Sprint6.Task4.V7", "Tyuiu.StoyakinNM.Sprint6.Task4.V7\Tyuiu.StoyakinNM.Sprint6.Task4.V7.csproj", "{CAD749E1-8B58-4B54-8DDD-8106C0751CB6}"
EndProject
Project("{2150E333-8FDC-42A3-9474-1A3956D46DE8}") = "Task5", "Task5", "{8F43665F-2860-4517-9C8C-99EEF1B17B49}"
EndProject
Project("{9A19103F-16F7-4668-BE54-9A1E7A4F7556}") = "Tyuiu.StoyakinNM.Sprint6.Task5.V29.Lib", "Tyuiu.StoyakinNM.Sprint6.Task5.V29.Lib\Tyuiu.StoyakinNM.Sprint6.Task5.V29.Lib.csproj", "{F3AECD5C-7727-4869-BBA7-4A70252F8AE6}"
EndProject
Project("{9A19103F-16F7-4668-BE54-9A1E7A4F7556}") = "Tyuiu.StoyakinNM.Sprint6.Task5.V29.Test", "Tyuiu.StoyakinNM.Sprint6.Task5.V29.Test\Tyuiu.StoyakinNM.Sprint6.Task5.V29.Test.csproj", "{E374C4DA-B797-49B2-AB96-44A941BAEE94}"
EndProject
Project("{9A19103F-16F7-4668-BE54-9A1E7A4F7556}") = "Tyuiu.StoyakinNM.Sprint6.Task5.V29", "Tyuiu.StoyakinNM.Sprint6.Task5.V29\Tyuiu.StoyakinNM.Sprint6.Task5.V29.csproj", "{60D694F6-DE4D-4F69-B7A6-E15C3571856D}"
EndProject
Project("{2150E333-8FDC-42A3-9474-1A3956D46DE8}") = "Task6", "Task6", "{335A845F-948C-48D8-AAAA-4A6AE113988E}"
EndProject
Project("{FAE04EC0-301F-11D3-BF4B-00C04F79EFBC}") = "Tyuiu.StoyakinNM.Sprint6.Task6.V2.Lib", "Tyuiu.StoyakinNM.Sprint6.Task6.V2.Lib\Tyuiu.StoyakinNM.Sprint6.Task6.V2.Lib.csproj", "{9F912EBE-5E50-4BEE-A0FD-C893722F246B}"
EndProject
Project("{FAE04EC0-301F-11D3-BF4B-00C04F79EFBC}") = "Tyuiu.StoyakinNM.Sprint6.Task6.V2.Test", "Tyuiu.StoyakinNM.Sprint6.Task6.V2.Test\Tyuiu.StoyakinNM.Sprint6.Task6.V2.Test.csproj", "{679ACB70-3BE7-4934-85EF-58297C3A6F36}"
EndProject
Project("{FAE04EC0-301F-11D3-BF4B-00C04F79EFBC}") = "Tyuiu.StoyakinNM.Sprint6.Task6.V2", "Tyuiu.StoyakinNM.Sprint6.Task6.V2\Tyuiu.StoyakinNM.Sprint6.Task6.V2.csproj", "{CDFA39DC-51AC-40E0-BF04-1FE40ABBF5BD}"
EndProject
Global
	GlobalSection(SolutionConfigurationPlatforms) = preSolution
		Debug|Any CPU = Debug|Any CPU
		Release|Any CPU = Release|Any CPU
	EndGlobalSection
	GlobalSection(ProjectConfigurationPlatforms) = postSolution
		{3ED63666-5C1B-4340-8E38-A20193F4F28F}.Debug|Any CPU.ActiveCfg = Debug|Any CPU
		{3ED63666-5C1B-4340-8E38-A20193F4F28F}.Debug|Any CPU.Build.0 = Debug|Any CPU
		{3ED63666-5C1B-4340-8E38-A20193F4F28F}.Release|Any CPU.ActiveCfg = Release|Any CPU
		{3ED63666-5C1B-4340-8E38-A20193F4F28F}.Release|Any CPU.Build.0 = Release|Any CPU
		{F62A93CF-79E8-4D94-80F0-7965787F7B6E}.Debug|Any CPU.ActiveCfg = Debug|Any CPU
		{F62A93CF-79E8-4D94-80F0-7965787F7B6E}.Debug|Any CPU.Build.0 = Debug|Any CPU
		{F62A93CF-79E8-4D94-80F0-7965787F7B6E}.Release|Any CPU.ActiveCfg = Release|Any CPU
		{F62A93CF-79E8-4D94-80F0-7965787F7B6E}.Release|Any CPU.Build.0 = Release|Any CPU
		{561639CB-5FED-45F2-BE40-AF049624EBA9}.Debug|Any CPU.ActiveCfg = Debug|Any CPU
		{561639CB-5FED-45F2-BE40-AF049624EBA9}.Debug|Any CPU.Build.0 = Debug|Any CPU
		{561639CB-5FED-45F2-BE40-AF049624EBA9}.Release|Any CPU.ActiveCfg = Release|Any CPU
		{561639CB-5FED-45F2-BE40-AF049624EBA9}.Release|Any CPU.Build.0 = Release|Any CPU
		{E11DDA16-77FF-4EE3-B348-37F6C18FFF50}.Debug|Any CPU.ActiveCfg = Debug|Any CPU
		{E11DDA16-77FF-4EE3-B348-37F6C18FFF50}.Debug|Any CPU.Build.0 = Debug|Any CPU
		{E11DDA16-77FF-4EE3-B348-37F6C18FFF50}.Release|Any CPU.ActiveCfg = Release|Any CPU
		{E11DDA16-77FF-4EE3-B348-37F6C18FFF50}.Release|Any CPU.Build.0 = Release|Any CPU
		{6FE18392-03BF-4E6F-8B1F-0AEE612B5515}.Debug|Any CPU.ActiveCfg = Debug|Any CPU
		{6FE18392-03BF-4E6F-8B1F-0AEE612B5515}.Debug|Any CPU.Build.0 = Debug|Any CPU
		{6FE18392-03BF-4E6F-8B1F-0AEE612B5515}.Release|Any CPU.ActiveCfg = Release|Any CPU
		{6FE18392-03BF-4E6F-8B1F-0AEE612B5515}.Release|Any CPU.Build.0 = Release|Any CPU
		{351C1EC2-7906-419D-8024-B71F5202CAEE}.Debug|Any CPU.ActiveCfg = Debug|Any CPU
		{351C1EC2-7906-419D-8024-B71F5202CAEE}.Debug|Any CPU.Build.0 = Debug|Any CPU
		{351C1EC2-7906-419D-8024-B71F5202CAEE}.Release|Any CPU.ActiveCfg = Release|Any CPU
		{351C1EC2-7906-419D-8024-B71F5202CAEE}.Release|Any CPU.Build.0 = Release|Any CPU
		{5E87F1A3-2453-4D46-85FF-E2AAFDC1C747}.Debug|Any CPU.ActiveCfg = Debug|Any CPU
		{5E87F1A3-2453-4D46-85FF-E2AAFDC1C747}.Debug|Any CPU.Build.0 = Debug|Any CPU
		{5E87F1A3-2453-4D46-85FF-E2AAFDC1C747}.Release|Any CPU.ActiveCfg = Release|Any CPU
		{5E87F1A3-2453-4D46-85FF-E2AAFDC1C747}.Release|Any CPU.Build.0 = Release|Any CPU
		{83D1DE9C-D204-4D95-AA20-47BB5F6DE40B}.Debug|Any CPU.ActiveCfg = Debug|Any CPU
		{83D1DE9C-D204-4D95-AA20-47BB5F6DE40B}.Debug|Any CPU.Build.0 = Debug|Any CPU
		{83D1DE9C-D204-4D95-AA20-47BB5F6DE40B}.Release|Any CPU.ActiveCfg = Release|Any CPU
		{83D1DE9C-D204-4D95-AA20-47BB5F6DE40B}.Release|Any CPU.Build.0 = Release|Any CPU
		{507B495C-5A2D-457B-B545-1224FE10530A}.Debug|Any CPU.ActiveCfg = Debug|Any CPU
		{507B495C-5A2D-457B-B545-1224FE10530A}.Debug|Any CPU.Build.0 = Debug|Any CPU
		{507B495C-5A2D-457B-B545-1224FE10530A}.Release|Any CPU.ActiveCfg = Release|Any CPU
		{507B495C-5A2D-457B-B545-1224FE10530A}.Release|Any CPU.Build.0 = Release|Any CPU
		{0177E9A7-B025-491A-AC28-AE02B52216B3}.Debug|Any CPU.ActiveCfg = Debug|Any CPU
		{0177E9A7-B025-491A-AC28-AE02B52216B3}.Debug|Any CPU.Build.0 = Debug|Any CPU
		{0177E9A7-B025-491A-AC28-AE02B52216B3}.Release|Any CPU.ActiveCfg = Release|Any CPU
		{0177E9A7-B025-491A-AC28-AE02B52216B3}.Release|Any CPU.Build.0 = Release|Any CPU
		{09BB426F-F537-4BFC-ABF7-94102F5B7B92}.Debug|Any CPU.ActiveCfg = Debug|Any CPU
		{09BB426F-F537-4BFC-ABF7-94102F5B7B92}.Debug|Any CPU.Build.0 = Debug|Any CPU
		{09BB426F-F537-4BFC-ABF7-94102F5B7B92}.Release|Any CPU.ActiveCfg = Release|Any CPU
		{09BB426F-F537-4BFC-ABF7-94102F5B7B92}.Release|Any CPU.Build.0 = Release|Any CPU
		{0C75AF8A-1B68-485F-B8DA-F79B10A44297}.Debug|Any CPU.ActiveCfg = Debug|Any CPU
		{0C75AF8A-1B68-485F-B8DA-F79B10A44297}.Debug|Any CPU.Build.0 = Debug|Any CPU
		{0C75AF8A-1B68-485F-B8DA-F79B10A44297}.Release|Any CPU.ActiveCfg = Release|Any CPU
		{0C75AF8A-1B68-485F-B8DA-F79B10A44297}.Release|Any CPU.Build.0 = Release|Any CPU
		{D9E7FB4F-7013-4363-BD62-98FB6C1E114A}.Debug|Any CPU.ActiveCfg = Debug|Any CPU
		{D9E7FB4F-7013-4363-BD62-98FB6C1E114A}.Debug|Any CPU.Build.0 = Debug|Any CPU
		{D9E7FB4F-7013-4363-BD62-98FB6C1E114A}.Release|Any CPU.ActiveCfg = Release|Any CPU
		{D9E7FB4F-7013-4363-BD62-98FB6C1E114A}.Release|Any CPU.Build.0 = Release|Any CPU
		{B196328A-9E83-4A9D-8BE8-4EA214F2C9C9}.Debug|Any CPU.ActiveCfg = Debug|Any CPU
		{B196328A-9E83-4A9D-8BE8-4EA214F2C9C9}.Debug|Any CPU.Build.0 = Debug|Any CPU
		{B196328A-9E83-4A9D-8BE8-4EA214F2C9C9}.Release|Any CPU.ActiveCfg = Release|Any CPU
		{B196328A-9E83-4A9D-8BE8-4EA214F2C9C9}.Release|Any CPU.Build.0 = Release|Any CPU
		{CAD749E1-8B58-4B54-8DDD-8106C0751CB6}.Debug|Any CPU.ActiveCfg = Debug|Any CPU
		{CAD749E1-8B58-4B54-8DDD-8106C0751CB6}.Debug|Any CPU.Build.0 = Debug|Any CPU
		{CAD749E1-8B58-4B54-8DDD-8106C0751CB6}.Release|Any CPU.ActiveCfg = Release|Any CPU
		{CAD749E1-8B58-4B54-8DDD-8106C0751CB6}.Release|Any CPU.Build.0 = Release|Any CPU
		{F3AECD5C-7727-4869-BBA7-4A70252F8AE6}.Debug|Any CPU.ActiveCfg = Debug|Any CPU
		{F3AECD5C-7727-4869-BBA7-4A70252F8AE6}.Debug|Any CPU.Build.0 = Debug|Any CPU
		{F3AECD5C-7727-4869-BBA7-4A70252F8AE6}.Release|Any CPU.ActiveCfg = Release|Any CPU
		{F3AECD5C-7727-4869-BBA7-4A70252F8AE6}.Release|Any CPU.Build.0 = Release|Any CPU
		{E374C4DA-B797-49B2-AB96-44A941BAEE94}.Debug|Any CPU.ActiveCfg = Debug|Any CPU
		{E374C4DA-B797-49B2-AB96-44A941BAEE94}.Debug|Any CPU.Build.0 = Debug|Any CPU
		{E374C4DA-B797-49B2-AB96-44A941BAEE94}.Release|Any CPU.ActiveCfg = Release|Any CPU
		{E374C4DA-B797-49B2-AB96-44A941BAEE94}.Release|Any CPU.Build.0 = Release|Any CPU
		{60D694F6-DE4D-4F69-B7A6-E15C3571856D}.Debug|Any CPU.ActiveCfg = Debug|Any CPU
		{60D694F6-DE4D-4F69-B7A6-E15C3571856D}.Debug|Any CPU.Build.0 = Debug|Any CPU
		{60D694F6-DE4D-4F69-B7A6-E15C3571856D}.Release|Any CPU.ActiveCfg = Release|Any CPU
		{60D694F6-DE4D-4F69-B7A6-E15C3571856D}.Release|Any CPU.Build.0 = Release|Any CPU
		{9F912EBE-5E50-4BEE-A0FD-C893722F246B}.Debug|Any CPU.ActiveCfg = Debug|Any CPU
		{9F912EBE-5E50-4BEE-A0FD-C893722F246B}.Debug|Any CPU.Build.0 = Debug|Any CPU
		{9F912EBE-5E50-4BEE-A0FD-C893722F246B}.Release|Any CPU.ActiveCfg = Release|Any CPU
		{9F912EBE-5E50-4BEE-A0FD-C893722F246B}.Release|Any CPU.Build.0 = Release|Any CPU
		{679ACB70-3BE7-4934-85EF-58297C3A6F36}.Debug|Any CPU.ActiveCfg = Debug|Any CPU
		{679ACB70-3BE7-4934-85EF-58297C3A6F36}.Debug|Any CPU.Build.0 = Debug|Any CPU
		{679ACB70-3BE7-4934-85EF-58297C3A6F36}.Release|Any CPU.ActiveCfg = Release|Any CPU
		{679ACB70-3BE7-4934-85EF-58297C3A6F36}.Release|Any CPU.Build.0 = Release|Any CPU
		{CDFA39DC-51AC-40E0-BF04-1FE40ABBF5BD}.Debug|Any CPU.ActiveCfg = Debug|Any CPU
		{CDFA39DC-51AC-40E0-BF04-1FE40ABBF5BD}.Debug|Any CPU.Build.0 = Debug|Any CPU
		{CDFA39DC-51AC-40E0-BF04-1FE40ABBF5BD}.Release|Any CPU.ActiveCfg = Release|Any CPU
		{CDFA39DC-51AC-40E0-BF04-1FE40ABBF5BD}.Release|Any CPU.Build.0 = Release|Any CPU
	EndGlobalSection
	GlobalSection(SolutionProperties) = preSolution
		HideSolutionNode = FALSE
	EndGlobalSection
	GlobalSection(NestedProjects) = preSolution
		{3ED63666-5C1B-4340-8E38-A20193F4F28F} = {9223B076-FF32-4F2F-9231-00DBAFA1FD62}
		{F62A93CF-79E8-4D94-80F0-7965787F7B6E} = {9223B076-FF32-4F2F-9231-00DBAFA1FD62}
		{561639CB-5FED-45F2-BE40-AF049624EBA9} = {9223B076-FF32-4F2F-9231-00DBAFA1FD62}
		{E11DDA16-77FF-4EE3-B348-37F6C18FFF50} = {E4D85D00-84C8-4363-A5A8-C16FE626E554}
		{6FE18392-03BF-4E6F-8B1F-0AEE612B5515} = {E4D85D00-84C8-4363-A5A8-C16FE626E554}
		{351C1EC2-7906-419D-8024-B71F5202CAEE} = {E4D85D00-84C8-4363-A5A8-C16FE626E554}
		{5E87F1A3-2453-4D46-85FF-E2AAFDC1C747} = {FC59D731-CFC6-465E-B82D-2D96B36E118E}
		{83D1DE9C-D204-4D95-AA20-47BB5F6DE40B} = {FC59D731-CFC6-465E-B82D-2D96B36E118E}
		{507B495C-5A2D-457B-B545-1224FE10530A} = {FC59D731-CFC6-465E-B82D-2D96B36E118E}
		{0177E9A7-B025-491A-AC28-AE02B52216B3} = {B8A63D06-3758-4564-A971-159C447E8EC6}
		{09BB426F-F537-4BFC-ABF7-94102F5B7B92} = {B8A63D06-3758-4564-A971-159C447E8EC6}
		{0C75AF8A-1B68-485F-B8DA-F79B10A44297} = {B8A63D06-3758-4564-A971-159C447E8EC6}
		{D9E7FB4F-7013-4363-BD62-98FB6C1E114A} = {0136518D-481A-4F84-A309-30E36E16E6A5}
		{B196328A-9E83-4A9D-8BE8-4EA214F2C9C9} = {0136518D-481A-4F84-A309-30E36E16E6A5}
		{CAD749E1-8B58-4B54-8DDD-8106C0751CB6} = {0136518D-481A-4F84-A309-30E36E16E6A5}
		{F3AECD5C-7727-4869-BBA7-4A70252F8AE6} = {8F43665F-2860-4517-9C8C-99EEF1B17B49}
		{E374C4DA-B797-49B2-AB96-44A941BAEE94} = {8F43665F-2860-4517-9C8C-99EEF1B17B49}
		{60D694F6-DE4D-4F69-B7A6-E15C3571856D} = {8F43665F-2860-4517-9C8C-99EEF1B17B49}
		{9F912EBE-5E50-4BEE-A0FD-C893722F246B} = {335A845F-948C-48D8-AAAA-4A6AE113988E}
		{679ACB70-3BE7-4934-85EF-58297C3A6F36} = {335A845F-948C-48D8-AAAA-4A6AE113988E}
		{CDFA39DC-51AC-40E0-BF04-1FE40ABBF5BD} = {335A845F-948C-48D8-AAAA-4A6AE113988E}
	EndGlobalSection
	GlobalSection(ExtensibilityGlobals) = postSolution
		SolutionGuid = {BE0EC532-4AC3-40AD-8DF4-70D82E7BE3AC}
	EndGlobalSection
EndGlobal
